{
  "name": "shopify-upgrade-guard",
  "version": "0.1.0",
  "lockfileVersion": 3,
  "requires": true,
  "packages": {
    "": {
      "name": "shopify-upgrade-guard",
      "version": "0.1.0",
      "license": "MIT",
      "bin": {
        "shopify-upgrade-guard": "src/cli.js",
        "upgradeguard": "src/cli.js"
      },
      "engines": {
        "node": ">=20"
      }
    }
  }
}
